
Microsoft Visual Studio Solution File, Format Version 11.00
# Visual Studio 2010
Project("{FAE04EC0-301F-11D3-BF4B-00C04F79EFBC}") = "project_uas", "project_uas\project_uas.csproj", "{0B6F5A48-7782-4477-BE21-0B8192FED5D2}"
EndProject
Global
	GlobalSection(SolutionConfigurationPlatforms) = preSolution
		Debug|x86 = Debug|x86
		Release|x86 = Release|x86
	EndGlobalSection
	GlobalSection(ProjectConfigurationPlatforms) = postSolution
		{0B6F5A48-7782-4477-BE21-0B8192FED5D2}.Debug|x86.ActiveCfg = Debug|x86
		{0B6F5A48-7782-4477-BE21-0B8192FED5D2}.Debug|x86.Build.0 = Debug|x86
		{0B6F5A48-7782-4477-BE21-0B8192FED5D2}.Release|x86.ActiveCfg = Release|x86
		{0B6F5A48-7782-4477-BE21-0B8192FED5D2}.Release|x86.Build.0 = Release|x86
	EndGlobalSection
	GlobalSection(SolutionProperties) = preSolution
		HideSolutionNode = FALSE
	EndGlobalSection
EndGlobal
